<?xml version="1.0" encoding="utf-8"?>
<Project ToolsVersion="4.0" xmlns="http://schemas.microsoft.com/developer/msbuild/2003">
  <ItemGroup>
    <Filter Include="Source Files">
      <UniqueIdentifier>{4FC737F1-C7A5-4376-A066-2A32D752A2FF}</UniqueIdentifier>
      <Extensions>cpp;c;cc;cxx;def;odl;idl;hpj;bat;asm;asmx</Extensions>
    </Filter>
    <Filter Include="Header Files">
      <UniqueIdentifier>{93995380-89BD-4b04-88EB-625FBE52EBFB}</UniqueIdentifier>
      <Extensions>h;hpp;hxx;hm;inl;inc;xsd</Extensions>
    </Filter>
    <Filter Include="Resource Files">
      <UniqueIdentifier>{67DA6AB6-F800-4c08-8B7A-83BB121AAD01}</UniqueIdentifier>
      <Extensions>rc;ico;cur;bmp;dlg;rc2;rct;bin;rgs;gif;jpg;jpeg;jpe;resx;tiff;tif;png;wav;mfcribbon-ms</Extensions>
    </Filter>
  </ItemGroup>
  <ItemGroup>
    <Text Include="ReadMe.txt" />
  </ItemGroup>
  <ItemGroup>
    <ClInclude Include="stdafx.h">
      <Filter>Header Files</Filter>
    </ClInclude>
    <ClInclude Include="targetver.h">
      <Filter>Header Files</Filter>
    </ClInclude>
    <ClInclude Include="Resource.h">
      <Filter>Header Files</Filter>
    </ClInclude>
    <ClInclude Include="STAnonymizer.h">
      <Filter>Header Files</Filter>
    </ClInclude>
    <ClInclude Include="STAttrib.h">
      <Filter>Header Files</Filter>
    </ClInclude>
    <ClInclude Include="STConcept.h">
      <Filter>Header Files</Filter>
    </ClInclude>
    <ClInclude Include="STController.h">
      <Filter>Header Files</Filter>
    </ClInclude>
    <ClInclude Include="STDataMgr.h">
      <Filter>Header Files</Filter>
    </ClInclude>
    <ClInclude Include="STDef.h">
      <Filter>Header Files</Filter>
    </ClInclude>
    <ClInclude Include="STMain.h">
      <Filter>Header Files</Filter>
    </ClInclude>
    <ClInclude Include="STMoleTree.h">
      <Filter>Header Files</Filter>
    </ClInclude>
    <ClInclude Include="STMoleTreeBuilder.h">
      <Filter>Header Files</Filter>
    </ClInclude>
    <ClInclude Include="STPair.h">
      <Filter>Header Files</Filter>
    </ClInclude>
    <ClInclude Include="STPairsTree.h">
      <Filter>Header Files</Filter>
    </ClInclude>
    <ClInclude Include="STRecord.h">
      <Filter>Header Files</Filter>
    </ClInclude>
    <ClInclude Include="STWindowTree.h">
      <Filter>Header Files</Filter>
    </ClInclude>
  </ItemGroup>
  <ItemGroup>
    <ClCompile Include="stdafx.cpp">
      <Filter>Source Files</Filter>
    </ClCompile>
    <ClCompile Include="STAnonymizer.cpp">
      <Filter>Source Files</Filter>
    </ClCompile>
    <ClCompile Include="STAttrib.cpp">
      <Filter>Source Files</Filter>
    </ClCompile>
    <ClCompile Include="STConcept.cpp">
      <Filter>Source Files</Filter>
    </ClCompile>
    <ClCompile Include="STController.cpp">
      <Filter>Source Files</Filter>
    </ClCompile>
    <ClCompile Include="STDataMgr.cpp">
      <Filter>Source Files</Filter>
    </ClCompile>
    <ClCompile Include="STMain.cpp">
      <Filter>Source Files</Filter>
    </ClCompile>
    <ClCompile Include="STMoleTree.cpp">
      <Filter>Source Files</Filter>
    </ClCompile>
    <ClCompile Include="STMoleTreeBuilder.cpp">
      <Filter>Source Files</Filter>
    </ClCompile>
    <ClCompile Include="STPair.cpp">
      <Filter>Source Files</Filter>
    </ClCompile>
    <ClCompile Include="STPairsTree.cpp">
      <Filter>Source Files</Filter>
    </ClCompile>
    <ClCompile Include="STRecord.cpp">
      <Filter>Source Files</Filter>
    </ClCompile>
    <ClCompile Include="STWindowTree.cpp">
      <Filter>Source Files</Filter>
    </ClCompile>
  </ItemGroup>
  <ItemGroup>
    <ResourceCompile Include="ITSA.rc">
      <Filter>Resource Files</Filter>
    </ResourceCompile>
  </ItemGroup>
</Project>